
Microsoft Visual Studio Solution File, Format Version 12.00
# Visual Studio 15
VisualStudioVersion = 15.0.27130.2020
MinimumVisualStudioVersion = 10.0.40219.1
Project("{FAE04EC0-301F-11D3-BF4B-00C04F79EFBC}") = "UI", "UI\UI.csproj", "{3E60C5C2-66D7-4349-8918-08953CC9F8DA}"
EndProject
Project("{FAE04EC0-301F-11D3-BF4B-00C04F79EFBC}") = "BLLDAL", "BLL_DAL\BLLDAL.csproj", "{F59D0FD1-431D-41ED-82CF-9EADCC53B7E3}"
EndProject
Project("{54435603-DBB4-11D2-8724-00A0C9A8B90C}") = "QXEduSetup", "QXEduSetup\QXEduSetup.vdproj", "{ECF98BA5-22D9-476D-B005-00FC4FFB7ABD}"
EndProject
Global
	GlobalSection(SolutionConfigurationPlatforms) = preSolution
		Debug|Any CPU = Debug|Any CPU
		Release|Any CPU = Release|Any CPU
	EndGlobalSection
	GlobalSection(ProjectConfigurationPlatforms) = postSolution
		{3E60C5C2-66D7-4349-8918-08953CC9F8DA}.Debug|Any CPU.ActiveCfg = Debug|Any CPU
		{3E60C5C2-66D7-4349-8918-08953CC9F8DA}.Debug|Any CPU.Build.0 = Debug|Any CPU
		{3E60C5C2-66D7-4349-8918-08953CC9F8DA}.Release|Any CPU.ActiveCfg = Release|Any CPU
		{3E60C5C2-66D7-4349-8918-08953CC9F8DA}.Release|Any CPU.Build.0 = Release|Any CPU
		{F59D0FD1-431D-41ED-82CF-9EADCC53B7E3}.Debug|Any CPU.ActiveCfg = Debug|Any CPU
		{F59D0FD1-431D-41ED-82CF-9EADCC53B7E3}.Debug|Any CPU.Build.0 = Debug|Any CPU
		{F59D0FD1-431D-41ED-82CF-9EADCC53B7E3}.Release|Any CPU.ActiveCfg = Release|Any CPU
		{F59D0FD1-431D-41ED-82CF-9EADCC53B7E3}.Release|Any CPU.Build.0 = Release|Any CPU
		{ECF98BA5-22D9-476D-B005-00FC4FFB7ABD}.Debug|Any CPU.ActiveCfg = Debug
		{ECF98BA5-22D9-476D-B005-00FC4FFB7ABD}.Release|Any CPU.ActiveCfg = Release
	EndGlobalSection
	GlobalSection(SolutionProperties) = preSolution
		HideSolutionNode = FALSE
	EndGlobalSection
	GlobalSection(ExtensibilityGlobals) = postSolution
		SolutionGuid = {93540948-6D10-40DC-9C9C-2C4AEB849B76}
	EndGlobalSection
EndGlobal
